
Microsoft Visual Studio Solution File, Format Version 12.00
# Visual Studio Version 17
VisualStudioVersion = 17.10.34916.146
MinimumVisualStudioVersion = 10.0.40219.1
Project("{9A19103F-16F7-4668-BE54-9A1E7A4F7556}") = "Maskinpark", "Maskinpark\Maskinpark.csproj", "{00770316-CFC4-4FFE-9B99-7C50A11AB503}"
EndProject
Global
	GlobalSection(SolutionConfigurationPlatforms) = preSolution
		Debug|Any CPU = Debug|Any CPU
		Release|Any CPU = Release|Any CPU
	EndGlobalSection
	GlobalSection(ProjectConfigurationPlatforms) = postSolution
		{00770316-CFC4-4FFE-9B99-7C50A11AB503}.Debug|Any CPU.ActiveCfg = Debug|Any CPU
		{00770316-CFC4-4FFE-9B99-7C50A11AB503}.Debug|Any CPU.Build.0 = Debug|Any CPU
		{00770316-CFC4-4FFE-9B99-7C50A11AB503}.Release|Any CPU.ActiveCfg = Release|Any CPU
		{00770316-CFC4-4FFE-9B99-7C50A11AB503}.Release|Any CPU.Build.0 = Release|Any CPU
	EndGlobalSection
	GlobalSection(SolutionProperties) = preSolution
		HideSolutionNode = FALSE
	EndGlobalSection
	GlobalSection(ExtensibilityGlobals) = postSolution
		SolutionGuid = {F72FB8C6-33DC-4ACB-9A6B-FFB4BCAFE62E}
	EndGlobalSection
EndGlobal
